
Microsoft Visual Studio Solution File, Format Version 12.00
# Visual Studio Version 16
VisualStudioVersion = 16.0.31321.278
MinimumVisualStudioVersion = 10.0.40219.1
Project("{FAE04EC0-301F-11D3-BF4B-00C04F79EFBC}") = "WebAPI", "WebAPI\WebAPI.csproj", "{9E421D71-06AB-4D72-89DE-4E1946625CD2}"
EndProject
Project("{FAE04EC0-301F-11D3-BF4B-00C04F79EFBC}") = "DataAccess", "DataAccess\DataAccess.csproj", "{E801CE64-9D92-4C3D-969A-34696E2F9858}"
EndProject
Project("{FAE04EC0-301F-11D3-BF4B-00C04F79EFBC}") = "Core", "Core\Core.csproj", "{8AE64D29-F53C-466E-ADF2-4EF767B6090B}"
EndProject
Project("{FAE04EC0-301F-11D3-BF4B-00C04F79EFBC}") = "Entities", "Entities\Entities.csproj", "{1A96748A-91FB-400A-BA35-216038911462}"
EndProject
Project("{FAE04EC0-301F-11D3-BF4B-00C04F79EFBC}") = "Business", "Business\Business.csproj", "{E86391B5-4CDA-45B8-BCDE-FA0265A32ED0}"
EndProject
Global
	GlobalSection(SolutionConfigurationPlatforms) = preSolution
		Debug|Any CPU = Debug|Any CPU
		Release|Any CPU = Release|Any CPU
	EndGlobalSection
	GlobalSection(ProjectConfigurationPlatforms) = postSolution
		{9E421D71-06AB-4D72-89DE-4E1946625CD2}.Debug|Any CPU.ActiveCfg = Debug|Any CPU
		{9E421D71-06AB-4D72-89DE-4E1946625CD2}.Debug|Any CPU.Build.0 = Debug|Any CPU
		{9E421D71-06AB-4D72-89DE-4E1946625CD2}.Release|Any CPU.ActiveCfg = Release|Any CPU
		{9E421D71-06AB-4D72-89DE-4E1946625CD2}.Release|Any CPU.Build.0 = Release|Any CPU
		{E801CE64-9D92-4C3D-969A-34696E2F9858}.Debug|Any CPU.ActiveCfg = Debug|Any CPU
		{E801CE64-9D92-4C3D-969A-34696E2F9858}.Debug|Any CPU.Build.0 = Debug|Any CPU
		{E801CE64-9D92-4C3D-969A-34696E2F9858}.Release|Any CPU.ActiveCfg = Release|Any CPU
		{E801CE64-9D92-4C3D-969A-34696E2F9858}.Release|Any CPU.Build.0 = Release|Any CPU
		{8AE64D29-F53C-466E-ADF2-4EF767B6090B}.Debug|Any CPU.ActiveCfg = Debug|Any CPU
		{8AE64D29-F53C-466E-ADF2-4EF767B6090B}.Debug|Any CPU.Build.0 = Debug|Any CPU
		{8AE64D29-F53C-466E-ADF2-4EF767B6090B}.Release|Any CPU.ActiveCfg = Release|Any CPU
		{8AE64D29-F53C-466E-ADF2-4EF767B6090B}.Release|Any CPU.Build.0 = Release|Any CPU
		{1A96748A-91FB-400A-BA35-216038911462}.Debug|Any CPU.ActiveCfg = Debug|Any CPU
		{1A96748A-91FB-400A-BA35-216038911462}.Debug|Any CPU.Build.0 = Debug|Any CPU
		{1A96748A-91FB-400A-BA35-216038911462}.Release|Any CPU.ActiveCfg = Release|Any CPU
		{1A96748A-91FB-400A-BA35-216038911462}.Release|Any CPU.Build.0 = Release|Any CPU
		{E86391B5-4CDA-45B8-BCDE-FA0265A32ED0}.Debug|Any CPU.ActiveCfg = Debug|Any CPU
		{E86391B5-4CDA-45B8-BCDE-FA0265A32ED0}.Debug|Any CPU.Build.0 = Debug|Any CPU
		{E86391B5-4CDA-45B8-BCDE-FA0265A32ED0}.Release|Any CPU.ActiveCfg = Release|Any CPU
		{E86391B5-4CDA-45B8-BCDE-FA0265A32ED0}.Release|Any CPU.Build.0 = Release|Any CPU
	EndGlobalSection
	GlobalSection(SolutionProperties) = preSolution
		HideSolutionNode = FALSE
	EndGlobalSection
	GlobalSection(ExtensibilityGlobals) = postSolution
		SolutionGuid = {FA56C389-B6BF-485E-B3D4-40F3C7F147C2}
	EndGlobalSection
EndGlobal
